// !$*UTF8*$!
{
	archiveVersion = 1;
	classes = {
	};
	objectVersion = 50;
	objects = {

/* Begin PBXBuildFile section */
		113AACBC24D7463C000130E6 /* Montserrat-Thin.ttf in Resources */ = {isa = PBXBuildFile; fileRef = 113AACB424D7463B000130E6 /* Montserrat-Thin.ttf */; };
		113AACBD24D7463C000130E6 /* Montserrat-SemiBold.ttf in Resources */ = {isa = PBXBuildFile; fileRef = 113AACB524D7463B000130E6 /* Montserrat-SemiBold.ttf */; };
		113AACBE24D7463C000130E6 /* Montserrat-Light.ttf in Resources */ = {isa = PBXBuildFile; fileRef = 113AACB624D7463B000130E6 /* Montserrat-Light.ttf */; };
		113AACBF24D7463C000130E6 /* Montserrat-Medium.ttf in Resources */ = {isa = PBXBuildFile; fileRef = 113AACB724D7463B000130E6 /* Montserrat-Medium.ttf */; };
		113AACC024D7463C000130E6 /* Montserrat-ExtraBold.ttf in Resources */ = {isa = PBXBuildFile; fileRef = 113AACB824D7463B000130E6 /* Montserrat-ExtraBold.ttf */; };
		113AACC124D7463C000130E6 /* Montserrat-Black.ttf in Resources */ = {isa = PBXBuildFile; fileRef = 113AACB924D7463B000130E6 /* Montserrat-Black.ttf */; };
		113AACC224D7463C000130E6 /* Montserrat-Regular.ttf in Resources */ = {isa = PBXBuildFile; fileRef = 113AACBA24D7463C000130E6 /* Montserrat-Regular.ttf */; };
		113AACC324D7463C000130E6 /* Montserrat-Bold.ttf in Resources */ = {isa = PBXBuildFile; fileRef = 113AACBB24D7463C000130E6 /* Montserrat-Bold.ttf */; };
		1142821724D85F0F00596CD4 /* RoundedButton.swift in Sources */ = {isa = PBXBuildFile; fileRef = 1142821624D85F0F00596CD4 /* RoundedButton.swift */; };
		11E3328D24D7268300E79EA3 /* AppDelegate.swift in Sources */ = {isa = PBXBuildFile; fileRef = 11E3328C24D7268300E79EA3 /* AppDelegate.swift */; };
		11E3328F24D7268300E79EA3 /* SceneDelegate.swift in Sources */ = {isa = PBXBuildFile; fileRef = 11E3328E24D7268300E79EA3 /* SceneDelegate.swift */; };
		11E3329124D7268300E79EA3 /* ViewController.swift in Sources */ = {isa = PBXBuildFile; fileRef = 11E3329024D7268300E79EA3 /* ViewController.swift */; };
		11E3329424D7268300E79EA3 /* Main.storyboard in Resources */ = {isa = PBXBuildFile; fileRef = 11E3329224D7268300E79EA3 /* Main.storyboard */; };
		11E3329624D7268700E79EA3 /* Assets.xcassets in Resources */ = {isa = PBXBuildFile; fileRef = 11E3329524D7268700E79EA3 /* Assets.xcassets */; };
		11E3329924D7268700E79EA3 /* LaunchScreen.storyboard in Resources */ = {isa = PBXBuildFile; fileRef = 11E3329724D7268700E79EA3 /* LaunchScreen.storyboard */; };
/* End PBXBuildFile section */

/* Begin PBXFileReference section */
		113AACB424D7463B000130E6 /* Montserrat-Thin.ttf */ = {isa = PBXFileReference; lastKnownFileType = file; path = "Montserrat-Thin.ttf"; sourceTree = "<group>"; };
		113AACB524D7463B000130E6 /* Montserrat-SemiBold.ttf */ = {isa = PBXFileReference; lastKnownFileType = file; path = "Montserrat-SemiBold.ttf"; sourceTree = "<group>"; };
		113AACB624D7463B000130E6 /* Montserrat-Light.ttf */ = {isa = PBXFileReference; lastKnownFileType = file; path = "Montserrat-Light.ttf"; sourceTree = "<group>"; };
		113AACB724D7463B000130E6 /* Montserrat-Medium.ttf */ = {isa = PBXFileReference; lastKnownFileType = file; path = "Montserrat-Medium.ttf"; sourceTree = "<group>"; };
		113AACB824D7463B000130E6 /* Montserrat-ExtraBold.ttf */ = {isa = PBXFileReference; lastKnownFileType = file; path = "Montserrat-ExtraBold.ttf"; sourceTree = "<group>"; };
		113AACB924D7463B000130E6 /* Montserrat-Black.ttf */ = {isa = PBXFileReference; lastKnownFileType = file; path = "Montserrat-Black.ttf"; sourceTree = "<group>"; };
		113AACBA24D7463C000130E6 /* Montserrat-Regular.ttf */ = {isa = PBXFileReference; lastKnownFileType = file; path = "Montserrat-Regular.ttf"; sourceTree = "<group>"; };
		113AACBB24D7463C000130E6 /* Montserrat-Bold.ttf */ = {isa = PBXFileReference; lastKnownFileType = file; path = "Montserrat-Bold.ttf"; sourceTree = "<group>"; };
		1142821624D85F0F00596CD4 /* RoundedButton.swift */ = {isa = PBXFileReference; lastKnownFileType = sourcecode.swift; path = RoundedButton.swift; sourceTree = "<group>"; };
		11E3328924D7268300E79EA3 /* RandomAnimal.app */ = {isa = PBXFileReference; explicitFileType = wrapper.application; includeInIndex = 0; path = RandomAnimal.app; sourceTree = BUILT_PRODUCTS_DIR; };
		11E3328C24D7268300E79EA3 /* AppDelegate.swift */ = {isa = PBXFileReference; lastKnownFileType = sourcecode.swift; path = AppDelegate.swift; sourceTree = "<group>"; };
		11E3328E24D7268300E79EA3 /* SceneDelegate.swift */ = {isa = PBXFileReference; lastKnownFileType = sourcecode.swift; path = SceneDelegate.swift; sourceTree = "<group>"; };
		11E3329024D7268300E79EA3 /* ViewController.swift */ = {isa = PBXFileReference; lastKnownFileType = sourcecode.swift; path = ViewController.swift; sourceTree = "<group>"; };
		11E3329324D7268300E79EA3 /* Base */ = {isa = PBXFileReference; lastKnownFileType = file.storyboard; name = Base; path = Base.lproj/Main.storyboard; sourceTree = "<group>"; };
		11E3329524D7268700E79EA3 /* Assets.xcassets */ = {isa = PBXFileReference; lastKnownFileType = folder.assetcatalog; path = Assets.xcassets; sourceTree = "<group>"; };
		11E3329824D7268700E79EA3 /* Base */ = {isa = PBXFileReference; lastKnownFileType = file.storyboard; name = Base; path = Base.lproj/LaunchScreen.storyboard; sourceTree = "<group>"; };
		11E3329A24D7268700E79EA3 /* Info.plist */ = {isa = PBXFileReference; lastKnownFileType = text.plist.xml; path = Info.plist; sourceTree = "<group>"; };
/* End PBXFileReference section */

/* Begin PBXFrameworksBuildPhase section */
		11E3328624D7268300E79EA3 /* Frameworks */ = {
			isa = PBXFrameworksBuildPhase;
			buildActionMask = 2147483647;
			files = (
			);
			runOnlyForDeploymentPostprocessing = 0;
		};
/* End PBXFrameworksBuildPhase section */

/* Begin PBXGroup section */
		113AACB324D74612000130E6 /* Fonts */ = {
			isa = PBXGroup;
			children = (
				113AACB924D7463B000130E6 /* Montserrat-Black.ttf */,
				113AACBB24D7463C000130E6 /* Montserrat-Bold.ttf */,
				113AACB824D7463B000130E6 /* Montserrat-ExtraBold.ttf */,
				113AACB624D7463B000130E6 /* Montserrat-Light.ttf */,
				113AACB724D7463B000130E6 /* Montserrat-Medium.ttf */,
				113AACBA24D7463C000130E6 /* Montserrat-Regular.ttf */,
				113AACB524D7463B000130E6 /* Montserrat-SemiBold.ttf */,
				113AACB424D7463B000130E6 /* Montserrat-Thin.ttf */,
			);
			path = Fonts;
			sourceTree = "<group>";
		};
		11E3328024D7268300E79EA3 = {
			isa = PBXGroup;
			children = (
				11E3328B24D7268300E79EA3 /* RandomAnimal */,
				11E3328A24D7268300E79EA3 /* Products */,
			);
			sourceTree = "<group>";
		};
		11E3328A24D7268300E79EA3 /* Products */ = {
			isa = PBXGroup;
			children = (
				11E3328924D7268300E79EA3 /* RandomAnimal.app */,
			);
			name = Products;
			sourceTree = "<group>";
		};
		11E3328B24D7268300E79EA3 /* RandomAnimal */ = {
			isa = PBXGroup;
			children = (
				113AACB324D74612000130E6 /* Fonts */,
				11E3328C24D7268300E79EA3 /* AppDelegate.swift */,
				11E3328E24D7268300E79EA3 /* SceneDelegate.swift */,
				11E3329024D7268300E79EA3 /* ViewController.swift */,
				11E3329224D7268300E79EA3 /* Main.storyboard */,
				11E3329524D7268700E79EA3 /* Assets.xcassets */,
				11E3329724D7268700E79EA3 /* LaunchScreen.storyboard */,
				11E3329A24D7268700E79EA3 /* Info.plist */,
				1142821624D85F0F00596CD4 /* RoundedButton.swift */,
			);
			path = RandomAnimal;
			sourceTree = "<group>";
		};
/* End PBXGroup section */

/* Begin PBXNativeTarget section */
		11E3328824D7268300E79EA3 /* RandomAnimal */ = {
			isa = PBXNativeTarget;
			buildConfigurationList = 11E3329D24D7268700E79EA3 /* Build configuration list for PBXNativeTarget "RandomAnimal" */;
			buildPhases = (
				11E3328524D7268300E79EA3 /* Sources */,
				11E3328624D7268300E79EA3 /* Frameworks */,
				11E3328724D7268300E79EA3 /* Resources */,
			);
			buildRules = (
			);
			dependencies = (
			);
			name = RandomAnimal;
			productName = Exp_01;
			productReference = 11E3328924D7268300E79EA3 /* RandomAnimal.app */;
			productType = "com.apple.product-type.application";
		};
/* End PBXNativeTarget section */

/* Begin PBXProject section */
		11E3328124D7268300E79EA3 /* Project object */ = {
			isa = PBXProject;
			attributes = {
				LastSwiftUpdateCheck = 1120;
				LastUpgradeCheck = 1120;
				ORGANIZATIONNAME = Alexander;
				TargetAttributes = {
					11E3328824D7268300E79EA3 = {
						CreatedOnToolsVersion = 11.2.1;
					};
				};
			};
			buildConfigurationList = 11E3328424D7268300E79EA3 /* Build configuration list for PBXProject "RandomAnimal" */;
			compatibilityVersion = "Xcode 9.3";
			developmentRegion = en;
			hasScannedForEncodings = 0;
			knownRegions = (
				en,
				Base,
			);
			mainGroup = 11E3328024D7268300E79EA3;
			productRefGroup = 11E3328A24D7268300E79EA3 /* Products */;
			projectDirPath = "";
			projectRoot = "";
			targets = (
				11E3328824D7268300E79EA3 /* RandomAnimal */,
			);
		};
/* End PBXProject section */

/* Begin PBXResourcesBuildPhase section */
		11E3328724D7268300E79EA3 /* Resources */ = {
			isa = PBXResourcesBuildPhase;
			buildActionMask = 2147483647;
			files = (
				113AACBE24D7463C000130E6 /* Montserrat-Light.ttf in Resources */,
				113AACC224D7463C000130E6 /* Montserrat-Regular.ttf in Resources */,
				113AACC124D7463C000130E6 /* Montserrat-Black.ttf in Resources */,
				113AACBD24D7463C000130E6 /* Montserrat-SemiBold.ttf in Resources */,
				113AACBC24D7463C000130E6 /* Montserrat-Thin.ttf in Resources */,
				11E3329924D7268700E79EA3 /* LaunchScreen.storyboard in Resources */,
				11E3329624D7268700E79EA3 /* Assets.xcassets in Resources */,
				11E3329424D7268300E79EA3 /* Main.storyboard in Resources */,
				113AACC324D7463C000130E6 /* Montserrat-Bold.ttf in Resources */,
				113AACBF24D7463C000130E6 /* Montserrat-Medium.ttf in Resources */,
				113AACC024D7463C000130E6 /* Montserrat-ExtraBold.ttf in Resources */,
			);
			runOnlyForDeploymentPostprocessing = 0;
		};
/* End PBXResourcesBuildPhase section */

/* Begin PBXSourcesBuildPhase section */
		11E3328524D7268300E79EA3 /* Sources */ = {
			isa = PBXSourcesBuildPhase;
			buildActionMask = 2147483647;
			files = (
				11E3329124D7268300E79EA3 /* ViewController.swift in Sources */,
				11E3328D24D7268300E79EA3 /* AppDelegate.swift in Sources */,
				11E3328F24D7268300E79EA3 /* SceneDelegate.swift in Sources */,
				1142821724D85F0F00596CD4 /* RoundedButton.swift in Sources */,
			);
			runOnlyForDeploymentPostprocessing = 0;
		};
/* End PBXSourcesBuildPhase section */

/* Begin PBXVariantGroup section */
		11E3329224D7268300E79EA3 /* Main.storyboard */ = {
			isa = PBXVariantGroup;
			children = (
				11E3329324D7268300E79EA3 /* Base */,
			);
			name = Main.storyboard;
			sourceTree = "<group>";
		};
		11E3329724D7268700E79EA3 /* LaunchScreen.storyboard */ = {
			isa = PBXVariantGroup;
			children = (
				11E3329824D7268700E79EA3 /* Base */,
			);
			name = LaunchScreen.storyboard;
			sourceTree = "<group>";
		};
/* End PBXVariantGroup section */

/* Begin XCBuildConfiguration section */
		11E3329B24D7268700E79EA3 /* Debug */ = {
			isa = XCBuildConfiguration;
			buildSettings = {
				ALWAYS_SEARCH_USER_PATHS = NO;
				CLANG_ANALYZER_NONNULL = YES;
				CLANG_ANALYZER_NUMBER_OBJECT_CONVERSION = YES_AGGRESSIVE;
				CLANG_CXX_LANGUAGE_STANDARD = "gnu++14";
				CLANG_CXX_LIBRARY = "libc++";
				CLANG_ENABLE_MODULES = YES;
				CLANG_ENABLE_OBJC_ARC = YES;
				CLANG_ENABLE_OBJC_WEAK = YES;
				CLANG_WARN_BLOCK_CAPTURE_AUTORELEASING = YES;
				CLANG_WARN_BOOL_CONVERSION = YES;
				CLANG_WARN_COMMA = YES;
				CLANG_WARN_CONSTANT_CONVERSION = YES;
				CLANG_WARN_DEPRECATED_OBJC_IMPLEMENTATIONS = YES;
				CLANG_WARN_DIRECT_OBJC_ISA_USAGE = YES_ERROR;
				CLANG_WARN_DOCUMENTATION_COMMENTS = YES;
				CLANG_WARN_EMPTY_BODY = YES;
				CLANG_WARN_ENUM_CONVERSION = YES;
				CLANG_WARN_INFINITE_RECURSION = YES;
				CLANG_WARN_INT_CONVERSION = YES;
				CLANG_WARN_NON_LITERAL_NULL_CONVERSION = YES;
				CLANG_WARN_OBJC_IMPLICIT_RETAIN_SELF = YES;
				CLANG_WARN_OBJC_LITERAL_CONVERSION = YES;
				CLANG_WARN_OBJC_ROOT_CLASS = YES_ERROR;
				CLANG_WARN_RANGE_LOOP_ANALYSIS = YES;
				CLANG_WARN_STRICT_PROTOTYPES = YES;
				CLANG_WARN_SUSPICIOUS_MOVE = YES;
				CLANG_WARN_UNGUARDED_AVAILABILITY = YES_AGGRESSIVE;
				CLANG_WARN_UNREACHABLE_CODE = YES;
				CLANG_WARN__DUPLICATE_METHOD_MATCH = YES;
				COPY_PHASE_STRIP = NO;
				DEBUG_INFORMATION_FORMAT = dwarf;
				ENABLE_STRICT_OBJC_MSGSEND = YES;
				ENABLE_TESTABILITY = YES;
				GCC_C_LANGUAGE_STANDARD = gnu11;
				GCC_DYNAMIC_NO_PIC = NO;
				GCC_NO_COMMON_BLOCKS = YES;
				GCC_OPTIMIZATION_LEVEL = 0;
				GCC_PREPROCESSOR_DEFINITIONS = (
					"DEBUG=1",
					"$(inherited)",
				);
				GCC_WARN_64_TO_32_BIT_CONVERSION = YES;
				GCC_WARN_ABOUT_RETURN_TYPE = YES_ERROR;
				GCC_WARN_UNDECLARED_SELECTOR = YES;
				GCC_WARN_UNINITIALIZED_AUTOS = YES_AGGRESSIVE;
				GCC_WARN_UNUSED_FUNCTION = YES;
				GCC_WARN_UNUSED_VARIABLE = YES;
				IPHONEOS_DEPLOYMENT_TARGET = 13.2;
				MTL_ENABLE_DEBUG_INFO = INCLUDE_SOURCE;
				MTL_FAST_MATH = YES;
				ONLY_ACTIVE_ARCH = YES;
				SDKROOT = iphoneos;
				SWIFT_ACTIVE_COMPILATION_CONDITIONS = DEBUG;
				SWIFT_OPTIMIZATION_LEVEL = "-Onone";
			};
			name = Debug;
		};
		11E3329C24D7268700E79EA3 /* Release */ = {
			isa = XCBuildConfiguration;
			buildSettings = {
				ALWAYS_SEARCH_USER_PATHS = NO;
				CLANG_ANALYZER_NONNULL = YES;
				CLANG_ANALYZER_NUMBER_OBJECT_CONVERSION = YES_AGGRESSIVE;
				CLANG_CXX_LANGUAGE_STANDARD = "gnu++14";
				CLANG_CXX_LIBRARY = "libc++";
				CLANG_ENABLE_MODULES = YES;
				CLANG_ENABLE_OBJC_ARC = YES;
				CLANG_ENABLE_OBJC_WEAK = YES;
				CLANG_WARN_BLOCK_CAPTURE_AUTORELEASING = YES;
				CLANG_WARN_BOOL_CONVERSION = YES;
				CLANG_WARN_COMMA = YES;
				CLANG_WARN_CONSTANT_CONVERSION = YES;
				CLANG_WARN_DEPRECATED_OBJC_IMPLEMENTATIONS = YES;
				CLANG_WARN_DIRECT_OBJC_ISA_USAGE = YES_ERROR;
				CLANG_WARN_DOCUMENTATION_COMMENTS = YES;
				CLANG_WARN_EMPTY_BODY = YES;
				CLANG_WARN_ENUM_CONVERSION = YES;
				CLANG_WARN_INFINITE_RECURSION = YES;
				CLANG_WARN_INT_CONVERSION = YES;
				CLANG_WARN_NON_LITERAL_NULL_CONVERSION = YES;
				CLANG_WARN_OBJC_IMPLICIT_RETAIN_SELF = YES;
				CLANG_WARN_OBJC_LITERAL_CONVERSION = YES;
				CLANG_WARN_OBJC_ROOT_CLASS = YES_ERROR;
				CLANG_WARN_RANGE_LOOP_ANALYSIS = YES;
				CLANG_WARN_STRICT_PROTOTYPES = YES;
				CLANG_WARN_SUSPICIOUS_MOVE = YES;
				CLANG_WARN_UNGUARDED_AVAILABILITY = YES_AGGRESSIVE;
				CLANG_WARN_UNREACHABLE_CODE = YES;
				CLANG_WARN__DUPLICATE_METHOD_MATCH = YES;
				COPY_PHASE_STRIP = NO;
				DEBUG_INFORMATION_FORMAT = "dwarf-with-dsym";
				ENABLE_NS_ASSERTIONS = NO;
				ENABLE_STRICT_OBJC_MSGSEND = YES;
				GCC_C_LANGUAGE_STANDARD = gnu11;
				GCC_NO_COMMON_BLOCKS = YES;
				GCC_WARN_64_TO_32_BIT_CONVERSION = YES;
				GCC_WARN_ABOUT_RETURN_TYPE = YES_ERROR;
				GCC_WARN_UNDECLARED_SELECTOR = YES;
				GCC_WARN_UNINITIALIZED_AUTOS = YES_AGGRESSIVE;
				GCC_WARN_UNUSED_FUNCTION = YES;
				GCC_WARN_UNUSED_VARIABLE = YES;
				IPHONEOS_DEPLOYMENT_TARGET = 13.2;
				MTL_ENABLE_DEBUG_INFO = NO;
				MTL_FAST_MATH = YES;
				SDKROOT = iphoneos;
				SWIFT_COMPILATION_MODE = wholemodule;
				SWIFT_OPTIMIZATION_LEVEL = "-O";
				VALIDATE_PRODUCT = YES;
			};
			name = Release;
		};
		11E3329E24D7268700E79EA3 /* Debug */ = {
			isa = XCBuildConfiguration;
			buildSettings = {
				ASSETCATALOG_COMPILER_APPICON_NAME = AppIcon;
				CODE_SIGN_STYLE = Automatic;
				DEVELOPMENT_TEAM = ZN234ZPN46;
				INFOPLIST_FILE = RandomAnimal/Info.plist;
				LD_RUNPATH_SEARCH_PATHS = (
					"$(inherited)",
					"@executable_path/Frameworks",
				);
				PRODUCT_BUNDLE_IDENTIFIER = "com.alexnuzhnyi.Exp-01";
				PRODUCT_NAME = "$(TARGET_NAME)";
				SWIFT_VERSION = 5.0;
				TARGETED_DEVICE_FAMILY = "1,2";
			};
			name = Debug;
		};
		11E3329F24D7268700E79EA3 /* Release */ = {
			isa = XCBuildConfiguration;
			buildSettings = {
				ASSETCATALOG_COMPILER_APPICON_NAME = AppIcon;
				CODE_SIGN_STYLE = Automatic;
				DEVELOPMENT_TEAM = ZN234ZPN46;
				INFOPLIST_FILE = RandomAnimal/Info.plist;
				LD_RUNPATH_SEARCH_PATHS = (
					"$(inherited)",
					"@executable_path/Frameworks",
				);
				PRODUCT_BUNDLE_IDENTIFIER = "com.alexnuzhnyi.Exp-01";
				PRODUCT_NAME = "$(TARGET_NAME)";
				SWIFT_VERSION = 5.0;
				TARGETED_DEVICE_FAMILY = "1,2";
			};
			name = Release;
		};
/* End XCBuildConfiguration section */

/* Begin XCConfigurationList section */
		11E3328424D7268300E79EA3 /* Build configuration list for PBXProject "RandomAnimal" */ = {
			isa = XCConfigurationList;
			buildConfigurations = (
				11E3329B24D7268700E79EA3 /* Debug */,
				11E3329C24D7268700E79EA3 /* Release */,
			);
			defaultConfigurationIsVisible = 0;
			defaultConfigurationName = Release;
		};
		11E3329D24D7268700E79EA3 /* Build configuration list for PBXNativeTarget "RandomAnimal" */ = {
			isa = XCConfigurationList;
			buildConfigurations = (
				11E3329E24D7268700E79EA3 /* Debug */,
				11E3329F24D7268700E79EA3 /* Release */,
			);
			defaultConfigurationIsVisible = 0;
			defaultConfigurationName = Release;
		};
/* End XCConfigurationList section */
	};
	rootObject = 11E3328124D7268300E79EA3 /* Project object */;
}
